
Microsoft Visual Studio Solution File, Format Version 12.00
# Visual Studio 15
VisualStudioVersion = 15.0.27130.0
MinimumVisualStudioVersion = 10.0.40219.1
Project("{FAE04EC0-301F-11D3-BF4B-00C04F79EFBC}") = "PromptPasswordCrack", "PromptPasswordCrack\PromptPasswordCrack.csproj", "{8C4D5C80-B7D2-4E54-B70B-10F39275EAB2}"
EndProject
Global
	GlobalSection(SolutionConfigurationPlatforms) = preSolution
		Debug|Any CPU = Debug|Any CPU
		Release|Any CPU = Release|Any CPU
	EndGlobalSection
	GlobalSection(ProjectConfigurationPlatforms) = postSolution
		{8C4D5C80-B7D2-4E54-B70B-10F39275EAB2}.Debug|Any CPU.ActiveCfg = Debug|Any CPU
		{8C4D5C80-B7D2-4E54-B70B-10F39275EAB2}.Debug|Any CPU.Build.0 = Debug|Any CPU
		{8C4D5C80-B7D2-4E54-B70B-10F39275EAB2}.Release|Any CPU.ActiveCfg = Release|Any CPU
		{8C4D5C80-B7D2-4E54-B70B-10F39275EAB2}.Release|Any CPU.Build.0 = Release|Any CPU
	EndGlobalSection
	GlobalSection(SolutionProperties) = preSolution
		HideSolutionNode = FALSE
	EndGlobalSection
	GlobalSection(ExtensibilityGlobals) = postSolution
		SolutionGuid = {946FE636-6D4E-4DBE-827A-3A7E18C1B6B3}
	EndGlobalSection
EndGlobal
